
Microsoft Visual Studio Solution File, Format Version 12.00
# Visual Studio Version 17
VisualStudioVersion = 17.11.35312.102
MinimumVisualStudioVersion = 10.0.40219.1
Project("{FAE04EC0-301F-11D3-BF4B-00C04F79EFBC}") = "Loging Validation", "Loging Validation\Loging Validation.csproj", "{21662232-F96A-418F-81F6-479B982ABA5D}"
EndProject
Global
	GlobalSection(SolutionConfigurationPlatforms) = preSolution
		Debug|Any CPU = Debug|Any CPU
		Release|Any CPU = Release|Any CPU
	EndGlobalSection
	GlobalSection(ProjectConfigurationPlatforms) = postSolution
		{21662232-F96A-418F-81F6-479B982ABA5D}.Debug|Any CPU.ActiveCfg = Debug|Any CPU
		{21662232-F96A-418F-81F6-479B982ABA5D}.Debug|Any CPU.Build.0 = Debug|Any CPU
		{21662232-F96A-418F-81F6-479B982ABA5D}.Release|Any CPU.ActiveCfg = Release|Any CPU
		{21662232-F96A-418F-81F6-479B982ABA5D}.Release|Any CPU.Build.0 = Release|Any CPU
	EndGlobalSection
	GlobalSection(SolutionProperties) = preSolution
		HideSolutionNode = FALSE
	EndGlobalSection
	GlobalSection(ExtensibilityGlobals) = postSolution
		SolutionGuid = {2C0F1DE9-E384-42D6-85E5-D9800AA1B610}
	EndGlobalSection
EndGlobal
